
Microsoft Visual Studio Solution File, Format Version 12.00
# Visual Studio Version 16
VisualStudioVersion = 16.0.29806.167
MinimumVisualStudioVersion = 15.0.26124.0
Project("{2150E333-8FDC-42A3-9474-1A3956D46DE8}") = "src", "src", "{E1A04C16-5A97-440D-AECD-450348113EC0}"
EndProject
Project("{9A19103F-16F7-4668-BE54-9A1E7A4F7556}") = "Kmd.Momentum.Mea", "src\Kmd.Momentum.Mea\Kmd.Momentum.Mea.csproj", "{18DA5E7C-BBDE-44A1-8CAE-F4408E27E531}"
EndProject
Project("{9A19103F-16F7-4668-BE54-9A1E7A4F7556}") = "Kmd.Momentum.Mea.Api", "src\Kmd.Momentum.Mea.Api\Kmd.Momentum.Mea.Api.csproj", "{54FCEF30-EBB8-4B71-9C60-42BB076BC0B8}"
EndProject
Project("{2150E333-8FDC-42A3-9474-1A3956D46DE8}") = "test", "test", "{0E63EA42-074D-441C-8515-7979BD51991F}"
EndProject
Project("{9A19103F-16F7-4668-BE54-9A1E7A4F7556}") = "Kmd.Momentum.Mea.Tests", "test\Kmd.Momentum.Mea.Tests\Kmd.Momentum.Mea.Tests.csproj", "{EA12E001-0245-4D84-8CC8-8B4F3EB4CF98}"
EndProject
Project("{9A19103F-16F7-4668-BE54-9A1E7A4F7556}") = "Kmd.Momentum.Mea.Integration.Tests", "Kmd.Momentum.Mea.Api.Tests\Kmd.Momentum.Mea.Integration.Tests.csproj", "{0D009F7F-068A-40B9-BFD8-9E9B9FE31D57}"
EndProject
Global
	GlobalSection(SolutionConfigurationPlatforms) = preSolution
		Debug|Any CPU = Debug|Any CPU
		Debug|x64 = Debug|x64
		Debug|x86 = Debug|x86
		Release|Any CPU = Release|Any CPU
		Release|x64 = Release|x64
		Release|x86 = Release|x86
	EndGlobalSection
	GlobalSection(ProjectConfigurationPlatforms) = postSolution
		{18DA5E7C-BBDE-44A1-8CAE-F4408E27E531}.Debug|Any CPU.ActiveCfg = Debug|Any CPU
		{18DA5E7C-BBDE-44A1-8CAE-F4408E27E531}.Debug|Any CPU.Build.0 = Debug|Any CPU
		{18DA5E7C-BBDE-44A1-8CAE-F4408E27E531}.Debug|x64.ActiveCfg = Debug|Any CPU
		{18DA5E7C-BBDE-44A1-8CAE-F4408E27E531}.Debug|x64.Build.0 = Debug|Any CPU
		{18DA5E7C-BBDE-44A1-8CAE-F4408E27E531}.Debug|x86.ActiveCfg = Debug|Any CPU
		{18DA5E7C-BBDE-44A1-8CAE-F4408E27E531}.Debug|x86.Build.0 = Debug|Any CPU
		{18DA5E7C-BBDE-44A1-8CAE-F4408E27E531}.Release|Any CPU.ActiveCfg = Release|Any CPU
		{18DA5E7C-BBDE-44A1-8CAE-F4408E27E531}.Release|Any CPU.Build.0 = Release|Any CPU
		{18DA5E7C-BBDE-44A1-8CAE-F4408E27E531}.Release|x64.ActiveCfg = Release|Any CPU
		{18DA5E7C-BBDE-44A1-8CAE-F4408E27E531}.Release|x64.Build.0 = Release|Any CPU
		{18DA5E7C-BBDE-44A1-8CAE-F4408E27E531}.Release|x86.ActiveCfg = Release|Any CPU
		{18DA5E7C-BBDE-44A1-8CAE-F4408E27E531}.Release|x86.Build.0 = Release|Any CPU
		{54FCEF30-EBB8-4B71-9C60-42BB076BC0B8}.Debug|Any CPU.ActiveCfg = Debug|Any CPU
		{54FCEF30-EBB8-4B71-9C60-42BB076BC0B8}.Debug|Any CPU.Build.0 = Debug|Any CPU
		{54FCEF30-EBB8-4B71-9C60-42BB076BC0B8}.Debug|x64.ActiveCfg = Debug|Any CPU
		{54FCEF30-EBB8-4B71-9C60-42BB076BC0B8}.Debug|x64.Build.0 = Debug|Any CPU
		{54FCEF30-EBB8-4B71-9C60-42BB076BC0B8}.Debug|x86.ActiveCfg = Debug|Any CPU
		{54FCEF30-EBB8-4B71-9C60-42BB076BC0B8}.Debug|x86.Build.0 = Debug|Any CPU
		{54FCEF30-EBB8-4B71-9C60-42BB076BC0B8}.Release|Any CPU.ActiveCfg = Release|Any CPU
		{54FCEF30-EBB8-4B71-9C60-42BB076BC0B8}.Release|Any CPU.Build.0 = Release|Any CPU
		{54FCEF30-EBB8-4B71-9C60-42BB076BC0B8}.Release|x64.ActiveCfg = Release|Any CPU
		{54FCEF30-EBB8-4B71-9C60-42BB076BC0B8}.Release|x64.Build.0 = Release|Any CPU
		{54FCEF30-EBB8-4B71-9C60-42BB076BC0B8}.Release|x86.ActiveCfg = Release|Any CPU
		{54FCEF30-EBB8-4B71-9C60-42BB076BC0B8}.Release|x86.Build.0 = Release|Any CPU
		{EA12E001-0245-4D84-8CC8-8B4F3EB4CF98}.Debug|Any CPU.ActiveCfg = Debug|Any CPU
		{EA12E001-0245-4D84-8CC8-8B4F3EB4CF98}.Debug|Any CPU.Build.0 = Debug|Any CPU
		{EA12E001-0245-4D84-8CC8-8B4F3EB4CF98}.Debug|x64.ActiveCfg = Debug|Any CPU
		{EA12E001-0245-4D84-8CC8-8B4F3EB4CF98}.Debug|x64.Build.0 = Debug|Any CPU
		{EA12E001-0245-4D84-8CC8-8B4F3EB4CF98}.Debug|x86.ActiveCfg = Debug|Any CPU
		{EA12E001-0245-4D84-8CC8-8B4F3EB4CF98}.Debug|x86.Build.0 = Debug|Any CPU
		{EA12E001-0245-4D84-8CC8-8B4F3EB4CF98}.Release|Any CPU.ActiveCfg = Release|Any CPU
		{EA12E001-0245-4D84-8CC8-8B4F3EB4CF98}.Release|Any CPU.Build.0 = Release|Any CPU
		{EA12E001-0245-4D84-8CC8-8B4F3EB4CF98}.Release|x64.ActiveCfg = Release|Any CPU
		{EA12E001-0245-4D84-8CC8-8B4F3EB4CF98}.Release|x64.Build.0 = Release|Any CPU
		{EA12E001-0245-4D84-8CC8-8B4F3EB4CF98}.Release|x86.ActiveCfg = Release|Any CPU
		{EA12E001-0245-4D84-8CC8-8B4F3EB4CF98}.Release|x86.Build.0 = Release|Any CPU
		{0D009F7F-068A-40B9-BFD8-9E9B9FE31D57}.Debug|Any CPU.ActiveCfg = Debug|Any CPU
		{0D009F7F-068A-40B9-BFD8-9E9B9FE31D57}.Debug|Any CPU.Build.0 = Debug|Any CPU
		{0D009F7F-068A-40B9-BFD8-9E9B9FE31D57}.Debug|x64.ActiveCfg = Debug|Any CPU
		{0D009F7F-068A-40B9-BFD8-9E9B9FE31D57}.Debug|x64.Build.0 = Debug|Any CPU
		{0D009F7F-068A-40B9-BFD8-9E9B9FE31D57}.Debug|x86.ActiveCfg = Debug|Any CPU
		{0D009F7F-068A-40B9-BFD8-9E9B9FE31D57}.Debug|x86.Build.0 = Debug|Any CPU
		{0D009F7F-068A-40B9-BFD8-9E9B9FE31D57}.Release|Any CPU.ActiveCfg = Release|Any CPU
		{0D009F7F-068A-40B9-BFD8-9E9B9FE31D57}.Release|Any CPU.Build.0 = Release|Any CPU
		{0D009F7F-068A-40B9-BFD8-9E9B9FE31D57}.Release|x64.ActiveCfg = Release|Any CPU
		{0D009F7F-068A-40B9-BFD8-9E9B9FE31D57}.Release|x64.Build.0 = Release|Any CPU
		{0D009F7F-068A-40B9-BFD8-9E9B9FE31D57}.Release|x86.ActiveCfg = Release|Any CPU
		{0D009F7F-068A-40B9-BFD8-9E9B9FE31D57}.Release|x86.Build.0 = Release|Any CPU
	EndGlobalSection
	GlobalSection(SolutionProperties) = preSolution
		HideSolutionNode = FALSE
	EndGlobalSection
	GlobalSection(NestedProjects) = preSolution
		{18DA5E7C-BBDE-44A1-8CAE-F4408E27E531} = {E1A04C16-5A97-440D-AECD-450348113EC0}
		{54FCEF30-EBB8-4B71-9C60-42BB076BC0B8} = {E1A04C16-5A97-440D-AECD-450348113EC0}
		{EA12E001-0245-4D84-8CC8-8B4F3EB4CF98} = {0E63EA42-074D-441C-8515-7979BD51991F}
		{0D009F7F-068A-40B9-BFD8-9E9B9FE31D57} = {0E63EA42-074D-441C-8515-7979BD51991F}
	EndGlobalSection
	GlobalSection(ExtensibilityGlobals) = postSolution
		SolutionGuid = {9C03333B-3D3E-46DA-BE1C-069DCEE6CB29}
	EndGlobalSection
EndGlobal
